<Solution>
  <Folder Name="/Tests/">
    <Project Path="EnumClassSourceGenerator.Benchmarks/EnumClassSourceGenerator.Benchmarks.csproj" Id="918b17c0-baf7-45c5-a742-8633b32e3324" />
    <Project Path="EnumClassSourceGenerator.UnitTests/EnumClassSourceGenerator.UnitTests.csproj" Id="f97ccd43-a82c-4795-bb01-fb6c9c321952" />
  </Folder>
  <Project Path="EnumClasses.Abstrations/EnumClasses.Abstractions.csproj" Id="d8cc6d2a-6767-4043-972d-2a2d4f1e7e33" />
  <Project Path="EnumClassSourceGenerator/EnumClasses.SourceGenerators.csproj" />
</Solution>
